
Microsoft Visual Studio Solution File, Format Version 12.00
# Visual Studio 2012
Project("{FAE04EC0-301F-11D3-BF4B-00C04F79EFBC}") = "SanPablo.Reclutador.Web", "SanPablo.Reclutador.Web\SanPablo.Reclutador.Web.csproj", "{B977D52A-21E6-4C0C-BE0A-3824E02CB7B7}"
EndProject
Project("{2150E333-8FDC-42A3-9474-1A3956D46DE8}") = ".nuget", ".nuget", "{8C9FE23E-6F79-42B7-B8BA-00BC3FA2618F}"
	ProjectSection(SolutionItems) = preProject
		.nuget\NuGet.Config = .nuget\NuGet.Config
		.nuget\NuGet.exe = .nuget\NuGet.exe
		.nuget\NuGet.targets = .nuget\NuGet.targets
	EndProjectSection
EndProject
Project("{FAE04EC0-301F-11D3-BF4B-00C04F79EFBC}") = "SanPablo.Reclutador.Test", "SanPablo.Reclutador.Test\SanPablo.Reclutador.Test.csproj", "{5DEE20D8-A1A5-4D0D-9B85-F707FD411D29}"
EndProject
Project("{FAE04EC0-301F-11D3-BF4B-00C04F79EFBC}") = "SanPablo.Reclutador.Entity", "SanPablo.Reclutador.Entity\SanPablo.Reclutador.Entity.csproj", "{F18AE36D-836E-47CB-B712-6287528C3310}"
EndProject
Project("{FAE04EC0-301F-11D3-BF4B-00C04F79EFBC}") = "SanPablo.Reclutador.Repository", "SanPablo.Reclutador.Repository\SanPablo.Reclutador.Repository.csproj", "{4492AD21-C07E-497D-9214-1024CF2F1A03}"
EndProject
Project("{2150E333-8FDC-42A3-9474-1A3956D46DE8}") = "BaseDatos", "BaseDatos", "{D1517AEF-E81A-4B0D-A94F-4CBAF0CC801E}"
	ProjectSection(SolutionItems) = preProject
		C:\Users\ecruzado\Desktop\Persona.SQL = C:\Users\ecruzado\Desktop\Persona.SQL
	EndProjectSection
EndProject
Project("{FAE04EC0-301F-11D3-BF4B-00C04F79EFBC}") = "SanPablo.Reclutador.Mapping", "SanPablo.Reclutador.Mapping\SanPablo.Reclutador.Mapping.csproj", "{55802A98-0786-44E9-92C8-F6B4651E31E2}"
EndProject
Global
	GlobalSection(SolutionConfigurationPlatforms) = preSolution
		Debug|Any CPU = Debug|Any CPU
		Release|Any CPU = Release|Any CPU
	EndGlobalSection
	GlobalSection(ProjectConfigurationPlatforms) = postSolution
		{B977D52A-21E6-4C0C-BE0A-3824E02CB7B7}.Debug|Any CPU.ActiveCfg = Debug|Any CPU
		{B977D52A-21E6-4C0C-BE0A-3824E02CB7B7}.Debug|Any CPU.Build.0 = Debug|Any CPU
		{B977D52A-21E6-4C0C-BE0A-3824E02CB7B7}.Release|Any CPU.ActiveCfg = Release|Any CPU
		{B977D52A-21E6-4C0C-BE0A-3824E02CB7B7}.Release|Any CPU.Build.0 = Release|Any CPU
		{5DEE20D8-A1A5-4D0D-9B85-F707FD411D29}.Debug|Any CPU.ActiveCfg = Debug|Any CPU
		{5DEE20D8-A1A5-4D0D-9B85-F707FD411D29}.Debug|Any CPU.Build.0 = Debug|Any CPU
		{5DEE20D8-A1A5-4D0D-9B85-F707FD411D29}.Release|Any CPU.ActiveCfg = Release|Any CPU
		{5DEE20D8-A1A5-4D0D-9B85-F707FD411D29}.Release|Any CPU.Build.0 = Release|Any CPU
		{F18AE36D-836E-47CB-B712-6287528C3310}.Debug|Any CPU.ActiveCfg = Debug|Any CPU
		{F18AE36D-836E-47CB-B712-6287528C3310}.Debug|Any CPU.Build.0 = Debug|Any CPU
		{F18AE36D-836E-47CB-B712-6287528C3310}.Release|Any CPU.ActiveCfg = Release|Any CPU
		{F18AE36D-836E-47CB-B712-6287528C3310}.Release|Any CPU.Build.0 = Release|Any CPU
		{4492AD21-C07E-497D-9214-1024CF2F1A03}.Debug|Any CPU.ActiveCfg = Debug|Any CPU
		{4492AD21-C07E-497D-9214-1024CF2F1A03}.Debug|Any CPU.Build.0 = Debug|Any CPU
		{4492AD21-C07E-497D-9214-1024CF2F1A03}.Release|Any CPU.ActiveCfg = Release|Any CPU
		{4492AD21-C07E-497D-9214-1024CF2F1A03}.Release|Any CPU.Build.0 = Release|Any CPU
		{55802A98-0786-44E9-92C8-F6B4651E31E2}.Debug|Any CPU.ActiveCfg = Debug|Any CPU
		{55802A98-0786-44E9-92C8-F6B4651E31E2}.Debug|Any CPU.Build.0 = Debug|Any CPU
		{55802A98-0786-44E9-92C8-F6B4651E31E2}.Release|Any CPU.ActiveCfg = Release|Any CPU
		{55802A98-0786-44E9-92C8-F6B4651E31E2}.Release|Any CPU.Build.0 = Release|Any CPU
	EndGlobalSection
	GlobalSection(SolutionProperties) = preSolution
		HideSolutionNode = FALSE
	EndGlobalSection
EndGlobal
