
Microsoft Visual Studio Solution File, Format Version 12.00
# Visual Studio 2012
Project("{FAE04EC0-301F-11D3-BF4B-00C04F79EFBC}") = "SanPablo.Reclutador.Web", "SanPablo.Reclutador.Web\SanPablo.Reclutador.Web.csproj", "{B977D52A-21E6-4C0C-BE0A-3824E02CB7B7}"
EndProject
Global
	GlobalSection(SolutionConfigurationPlatforms) = preSolution
		Debug|Any CPU = Debug|Any CPU
		Release|Any CPU = Release|Any CPU
	EndGlobalSection
	GlobalSection(ProjectConfigurationPlatforms) = postSolution
		{B977D52A-21E6-4C0C-BE0A-3824E02CB7B7}.Debug|Any CPU.ActiveCfg = Debug|Any CPU
		{B977D52A-21E6-4C0C-BE0A-3824E02CB7B7}.Debug|Any CPU.Build.0 = Debug|Any CPU
		{B977D52A-21E6-4C0C-BE0A-3824E02CB7B7}.Release|Any CPU.ActiveCfg = Release|Any CPU
		{B977D52A-21E6-4C0C-BE0A-3824E02CB7B7}.Release|Any CPU.Build.0 = Release|Any CPU
	EndGlobalSection
	GlobalSection(SolutionProperties) = preSolution
		HideSolutionNode = FALSE
	EndGlobalSection
EndGlobal
